
Microsoft Visual Studio Solution File, Format Version 11.00
# Visual Studio 2010
Project("{FAE04EC0-301F-11D3-BF4B-00C04F79EFBC}") = "ObfuscarMappingParser", "ObfuscarMappingParser\ObfuscarMappingParser.csproj", "{1305E207-81A7-4B6E-8D89-2B7D2C7A375E}"
EndProject
Project("{FAE04EC0-301F-11D3-BF4B-00C04F79EFBC}") = "MappingParser.Tests", "MappingParser.Tests\MappingParser.Tests.csproj", "{0A764630-61A5-41DC-9BBA-4012339A16B0}"
EndProject
Global
	GlobalSection(SolutionConfigurationPlatforms) = preSolution
		Debug|Any CPU = Debug|Any CPU
		Release|Any CPU = Release|Any CPU
	EndGlobalSection
	GlobalSection(ProjectConfigurationPlatforms) = postSolution
		{1305E207-81A7-4B6E-8D89-2B7D2C7A375E}.Debug|Any CPU.ActiveCfg = Debug|Any CPU
		{1305E207-81A7-4B6E-8D89-2B7D2C7A375E}.Debug|Any CPU.Build.0 = Debug|Any CPU
		{1305E207-81A7-4B6E-8D89-2B7D2C7A375E}.Release|Any CPU.ActiveCfg = Release|Any CPU
		{1305E207-81A7-4B6E-8D89-2B7D2C7A375E}.Release|Any CPU.Build.0 = Release|Any CPU
		{0A764630-61A5-41DC-9BBA-4012339A16B0}.Debug|Any CPU.ActiveCfg = Debug|Any CPU
		{0A764630-61A5-41DC-9BBA-4012339A16B0}.Debug|Any CPU.Build.0 = Debug|Any CPU
		{0A764630-61A5-41DC-9BBA-4012339A16B0}.Release|Any CPU.ActiveCfg = Release|Any CPU
	EndGlobalSection
	GlobalSection(SolutionProperties) = preSolution
		HideSolutionNode = FALSE
	EndGlobalSection
EndGlobal
